{
  "version": "2",
  "remote": {
    "https://deno.land/std@0.178.0/collections/filter_values.ts": "5b9feaf17b9a6e5ffccdd36cf6f38fa4ffa94cff2602d381c2ad0c2a97929652",
    "https://deno.land/std@0.178.0/collections/without_all.ts": "a89f5da0b5830defed4f59666e188df411d8fece35a5f6ca69be6ca71a95c185",
    "https://deno.land/std@0.178.0/dotenv/load.ts": "0636983549b98f29ab75c9a22a42d9723f0a389ece5498fe971e7bb2556a12e2",
    "https://deno.land/std@0.178.0/dotenv/mod.ts": "8dcbc8a40b896a0bf094582aaeadbfc76d3528872faf2efc0302beb1d2f6afd0",
    "https://deno.land/std@0.179.0/_util/asserts.ts": "178dfc49a464aee693a7e285567b3d0b555dc805ff490505a8aae34f9cfb1462",
    "https://deno.land/std@0.179.0/_util/os.ts": "d932f56d41e4f6a6093d56044e29ce637f8dcc43c5a90af43504a889cf1775e3",
    "https://deno.land/std@0.179.0/path/_constants.ts": "e49961f6f4f48039c0dfed3c3f93e963ca3d92791c9d478ac5b43183413136e0",
    "https://deno.land/std@0.179.0/path/_interface.ts": "6471159dfbbc357e03882c2266d21ef9afdb1e4aa771b0545e90db58a0ba314b",
    "https://deno.land/std@0.179.0/path/_util.ts": "d7abb1e0dea065f427b89156e28cdeb32b045870acdf865833ba808a73b576d0",
    "https://deno.land/std@0.179.0/path/common.ts": "ee7505ab01fd22de3963b64e46cff31f40de34f9f8de1fff6a1bd2fe79380000",
    "https://deno.land/std@0.179.0/path/glob.ts": "d479e0a695621c94d3fd7fe7abd4f9499caf32a8de13f25073451c6ef420a4e1",
    "https://deno.land/std@0.179.0/path/mod.ts": "4b83694ac500d7d31b0cdafc927080a53dc0c3027eb2895790fb155082b0d232",
    "https://deno.land/std@0.179.0/path/posix.ts": "8b7c67ac338714b30c816079303d0285dd24af6b284f7ad63da5b27372a2c94d",
    "https://deno.land/std@0.179.0/path/separator.ts": "0fb679739d0d1d7bf45b68dacfb4ec7563597a902edbaf3c59b50d5bcadd93b1",
    "https://deno.land/std@0.179.0/path/win32.ts": "d186344e5583bcbf8b18af416d13d82b35a317116e6460a5a3953508c3de5bba",
    "https://deno.land/x/dotenv@v3.2.2/mod.ts": "077b48773de9205266a0b44c3c3a3c3083449ed64bb0b6cc461b95720678d38e",
    "https://deno.land/x/dotenv@v3.2.2/util.ts": "693730877b13f8ead2b79b2aa31e2a0652862f7dc0c5f6d2f313f4d39c7b7670",
    "https://dev.jspm.io/npm:@jspm/core@2.0.1/_/0545670c.js": "468e254a0e5f7801333f217fcee046141186bd0a960018c893d73910bd754b71",
    "https://dev.jspm.io/npm:@jspm/core@2.0.1/_/3fe460d2.js": "991599d7a4ccc93f3dc0808aa706e713fd80a80fc8d21ec1fd28a96832030572",
    "https://dev.jspm.io/npm:@jspm/core@2.0.1/_/4a7b19f3.js": "0987e28a89045f13547cdfd42adfb114158c9e444544cbfa0737679e3d3863ce",
    "https://dev.jspm.io/npm:@jspm/core@2.0.1/_/57403c48.js": "3fa9c20fb03311a58a652563a4c935f6e7666113d2f725a6458893bfbac75e5f",
    "https://dev.jspm.io/npm:@jspm/core@2.0.1/_/633ae550.js": "65a4b416c1a22251ee020c55496de44a08ae247d4108898dfc0f4753df829fc5",
    "https://dev.jspm.io/npm:@jspm/core@2.0.1/_/8dc3f476.js": "55ff556fbd358ec01e78b1bc31d4d22baf1479046e42ea17f712b58ea96ba535",
    "https://dev.jspm.io/npm:@jspm/core@2.0.1/_/8ddf35de.js": "c05f3a1431f18571f87b59b7d3cda65c8983712c9b424b5574623975dcc68863",
    "https://dev.jspm.io/npm:@jspm/core@2.0.1/_/a17f45f2.js": "a36e172b43861a826c2258b8735525a1b13eb59c198ee808b016586d02dab38f",
    "https://dev.jspm.io/npm:@jspm/core@2.0.1/_/a421dfba.js": "ec016925d8e0ec5e5b56c0847212c1113edce320f5f6920d241ee00ee115d172",
    "https://dev.jspm.io/npm:@jspm/core@2.0.1/_/c5b352d6.js": "991006a876c2c17414e1884022c7c96a5cbe9a4fc9ec1abd717ac3d0ee7d4c55",
    "https://dev.jspm.io/npm:@jspm/core@2.0.1/_/cb95b980.js": "e20e42c770070c4326cb18192218b59e90a5378cdc57897f0c5f3b99ae054f07",
    "https://dev.jspm.io/npm:@jspm/core@2.0.1/_/e0803811.js": "1f6fe590fd0eeb59d9911633c388a4d97bea171f10ad260bc63b6702eb6d2e25",
    "https://dev.jspm.io/npm:@jspm/core@2.0.1/nodelibs/assert": "d10535eedc33c732428f71cd82f4a0caf0e74fec90d6bd7c3535a8ea4389a5ce",
    "https://dev.jspm.io/npm:@jspm/core@2.0.1/nodelibs/buffer": "f6bd0a893f7d7d48422389dc81a2923809fbd24c2d6352c7f4bdd29dcad7154b",
    "https://dev.jspm.io/npm:@jspm/core@2.0.1/nodelibs/crypto": "3b67684d38a8b2c8561a36153f2ea800eea4415fce88895e38a2742468d304f8",
    "https://dev.jspm.io/npm:@jspm/core@2.0.1/nodelibs/events": "e5cc37092fddd5ac75814ca2a779eda7977ef43b0b410d90c8f9323f89d80cb4",
    "https://dev.jspm.io/npm:@jspm/core@2.0.1/nodelibs/fs": "721ba251d28f561ab8b04b57938cba82b702b821bdf027b0f0c00bd7f94d3cdd",
    "https://dev.jspm.io/npm:@jspm/core@2.0.1/nodelibs/http": "3a6a6039e8b101294759b1e7c9acea0b75e2711e32b91246c3d1a2cf2d491755",
    "https://dev.jspm.io/npm:@jspm/core@2.0.1/nodelibs/https": "a1e659c95c3769dc3ab32b078c028adfab890545f1e4eb73f945b6119d648bcf",
    "https://dev.jspm.io/npm:@jspm/core@2.0.1/nodelibs/path": "3eefa6fbe73189ade0710d6dc4c725be27f0496cb5371d59c0a16b84be17e0cb",
    "https://dev.jspm.io/npm:@jspm/core@2.0.1/nodelibs/process": "1d9259731556e49ecd4ce8180667577a1bdc68844dc89a5a1e71d34cad4a455d",
    "https://dev.jspm.io/npm:@jspm/core@2.0.1/nodelibs/stream": "bbc5a30284349f7be148a0a9e81fbdf30d52abaf9b155554abce757bdffac50a",
    "https://dev.jspm.io/npm:@jspm/core@2.0.1/nodelibs/url": "3d7ca846b3826a38b6b6596e04446f053bcadb71b818a28333e620afd119fef7",
    "https://dev.jspm.io/npm:@jspm/core@2.0.1/nodelibs/util": "f22fa23c828774618e6f8705ce6705f5a4e1d939efc98af445805d6d9a9e4a44",
    "https://dev.jspm.io/npm:@jspm/core@2/nodelibs/buffer": "229bdbb9a5042d5977545e4ff66f49e866bf7103f4df4a7b60af203625ac60b0",
    "https://dev.jspm.io/npm:@jspm/core@2/nodelibs/crypto": "a0e7177391a40782fb0388c9b6276d068fc707f49f72334a665dbffc639f74a6",
    "https://dev.jspm.io/npm:@jspm/core@2/nodelibs/fs": "9281dd30f0fbcfc282a5c235d54ed502166d109171380db7a609480e10e9627b",
    "https://dev.jspm.io/npm:@jspm/core@2/nodelibs/http": "00567cab39a03e98a0b8e8a691db2f9e8cc4158752fe16936a2ca3d1cf7d45eb",
    "https://dev.jspm.io/npm:@jspm/core@2/nodelibs/https": "ad57d7779dd0eedea2c8c10088467a096be0e6e4e36b944d205eabd6b35466c2",
    "https://dev.jspm.io/npm:@jspm/core@2/nodelibs/path": "5216638da3b96090d01ef829eeb4b271c3da699e8db06655ef6452315999bd76",
    "https://dev.jspm.io/npm:@jspm/core@2/nodelibs/process": "2b4c3a7c167d15d326b5e420b8a9f9c6ab7e1fedcfd1910b9b5a25ed5bb43579",
    "https://dev.jspm.io/npm:@jspm/core@2/nodelibs/stream": "6f2493f1eb38cf746a9583c8eb5b72d69dbdc9adb9cd34e7d013e6561e94d37e",
    "https://dev.jspm.io/npm:@jspm/core@2/nodelibs/url": "4f9b3efc61540c0883c3a60693d3fdd83557bc1b0532ec313c0515174492d480",
    "https://dev.jspm.io/npm:@jspm/core@2/nodelibs/util": "3e367156f97c2b6d19b6658a074a2554010e5e15a1b59fa239c58bff2ffb266e",
    "https://dev.jspm.io/npm:abort-controller@3!cjs": "f70a71049e66d186c76c611a31d3c30b663f4c534ce3eb54c60f22b8837e3080",
    "https://dev.jspm.io/npm:abort-controller@3.0.0!cjs": "642fa54aa770fff468c06590501a6faad90d823b3a32a3adba760b1968c610d9",
    "https://dev.jspm.io/npm:buffer-alloc-unsafe@1!cjs": "846cb3c0abcb816e750d61a1b754bf36ac0e61aa34d3af61047c65c1db9d8e9f",
    "https://dev.jspm.io/npm:buffer-alloc-unsafe@1.1.0!cjs": "e466607955b75a1551aa73ed2d0c33a3085aceacd1bbc71ce2508b4ab687e3bd",
    "https://dev.jspm.io/npm:buffer-alloc@1!cjs": "fd7db2f5dd93b05cd4f80156aef9200325f783175d4218bdee60abbf79e712d4",
    "https://dev.jspm.io/npm:buffer-alloc@1.2.0!cjs": "3acabe79b8d5bbc5b391424444f3b928b44610e2d4ae7f52c1b4fdc3f0885a37",
    "https://dev.jspm.io/npm:buffer-fill@1!cjs": "411494a403765bf33a4b30d4af1e585c3b88d88ba0b089f2e7f5e93bc3a91dbf",
    "https://dev.jspm.io/npm:buffer-fill@1.0.0!cjs": "fe006ec9e9b99b4d63eab1eabd892d6815750dcf5a382f860e969553342a35bd",
    "https://dev.jspm.io/npm:debug@4!cjs": "f4600e987410243377bf03359bb8f97f976b487523a5e3e5f64dbfb87e231555",
    "https://dev.jspm.io/npm:debug@4.3.4/_/791803cd.js": "2c86f038772b00f15c6300745b3cc8f2a596b3e8ee5c65bc2431a424602ff289",
    "https://dev.jspm.io/npm:ms@2.1.2!cjs": "85bdadeb4f78a97ff8fb1a86c20f2b23a9b62613c67b52183b546be04e5f7836",
    "https://dev.jspm.io/npm:node-fetch@2!cjs": "b76d8e4066b259ce63dbfb5cb17e8cf2908e7f23c9e4fb2fa311207a8b11f54c",
    "https://dev.jspm.io/npm:node-fetch@2.6.9!cjs": "46b219858a4dbe135fdcb3dd8611f05a8f6992d96a9f641ef72728f6bae31139",
    "https://dev.jspm.io/npm:p-timeout@4!cjs": "b3ae4fe5dce3e7740b3fbd95c612bee91eccda2e7a8aba4bf6d18f33f2a3b22c",
    "https://dev.jspm.io/npm:p-timeout@4.1.0!cjs": "0f7f5fa6a1df428c8d4f70246eae075503f70d7ecaf4001a72ed5b459d833891",
    "https://dev.jspm.io/npm:safe-compare@1!cjs": "fbea7f02cf9127f34c9ffd225b00bc50594d04ced5c7e6435b29ab9f9c5b6f77",
    "https://dev.jspm.io/npm:safe-compare@1.1.4!cjs": "46dea41a3da3e6699410fc4fd05a36146658baa6a604df37d6c9276c0f4471a9",
    "https://dev.jspm.io/npm:sandwich-stream@2!cjs": "e1cb352114da2e769ce90b0a0a2ae056a73f6db4fb51c304e126ff08070a331e",
    "https://dev.jspm.io/npm:sandwich-stream@2.0.2!cjs": "736dfe6a710e31e6362b808d8fc815a360cd49f545eede2af393168d4fa5803d",
    "https://dev.jspm.io/npm:telegraf@4.12.2!cjs": "9838da01777f5ebdb0610ce57fc8762fd31c448b6a925c48a80f3167f4c79e79",
    "https://dev.jspm.io/npm:telegraf@4.12.2/_/3651b29c.js": "6ec3c1a59734a1de41b8d99db822e8d952cb37669d24ad0b0cbb43cd68147ca9",
    "https://dev.jspm.io/npm:telegraf@4.12.2/_/6d0fe84b.js": "fe841dbd503f64dfdf83de6f9a5b79b38bea815578a5795ff9678afff60ce495",
    "https://dev.jspm.io/npm:telegraf@4.12.2/_/dcf13b02.js": "32edcf538107ccd0e9693f08bef3c54ccb08cc2e553376f469b0d37a85fc334d",
    "https://dev.jspm.io/npm:telegraf@4.12.2/filters!cjs": "f8427421c34f70b5f189f5ddcbabe5e24da4027c01c79649afe0c31a4e91ca2e",
    "https://dev.jspm.io/telegraf": "0b4c6407d6345bf2e7f247b2b2e6143f4a63cf81eab9ea09214e1484f70e9f6e",
    "https://dev.jspm.io/telegraf/filters": "ea5a228ed85b5a2672dce206fd169e8835d9ff6741e65cccac98b30c89970030"
  },
  "npm": {
    "specifiers": {
      "dotenv": "dotenv@16.0.3",
      "telegraf": "telegraf@4.12.1"
    },
    "packages": {
      "abort-controller@3.0.0": {
        "integrity": "sha512-h8lQ8tacZYnR3vNQTgibj+tODHI5/+l06Au2Pcriv/Gmet0eaj4TwWH41sO9wnHDiQsEj19q0drzdWdeAHtweg==",
        "dependencies": {
          "event-target-shim": "event-target-shim@5.0.1"
        }
      },
      "buffer-alloc-unsafe@1.1.0": {
        "integrity": "sha512-TEM2iMIEQdJ2yjPJoSIsldnleVaAk1oW3DBVUykyOLsEsFmEc9kn+SFFPz+gl54KQNxlDnAwCXosOS9Okx2xAg==",
        "dependencies": {}
      },
      "buffer-alloc@1.2.0": {
        "integrity": "sha512-CFsHQgjtW1UChdXgbyJGtnm+O/uLQeZdtbDo8mfUgYXCHSM1wgrVxXm6bSyrUuErEb+4sYVGCzASBRot7zyrow==",
        "dependencies": {
          "buffer-alloc-unsafe": "buffer-alloc-unsafe@1.1.0",
          "buffer-fill": "buffer-fill@1.0.0"
        }
      },
      "buffer-fill@1.0.0": {
        "integrity": "sha512-T7zexNBwiiaCOGDg9xNX9PBmjrubblRkENuptryuI64URkXDFum9il/JGL8Lm8wYfAXpredVXXZz7eMHilimiQ==",
        "dependencies": {}
      },
      "debug@4.3.4": {
        "integrity": "sha512-PRWFHuSU3eDtQJPvnNY7Jcket1j0t5OuOsFzPPzsekD52Zl8qUfFIPEiswXqIvHWGVHOgX+7G/vCNNhehwxfkQ==",
        "dependencies": {
          "ms": "ms@2.1.2"
        }
      },
      "dotenv@16.0.3": {
        "integrity": "sha512-7GO6HghkA5fYG9TYnNxi14/7K9f5occMlp3zXAuSxn7CKCxt9xbNWG7yF8hTCSUchlfWSe3uLmlPfigevRItzQ==",
        "dependencies": {}
      },
      "event-target-shim@5.0.1": {
        "integrity": "sha512-i/2XbnSz/uxRCU6+NdVJgKWDTM427+MqYbkQzD321DuCQJUqOuJKIA0IM2+W2xtYHdKOmZ4dR6fExsd4SXL+WQ==",
        "dependencies": {}
      },
      "mri@1.2.0": {
        "integrity": "sha512-tzzskb3bG8LvYGFF/mDTpq3jpI6Q9wc3LEmBaghu+DdCssd1FakN7Bc0hVNmEyGq1bq3RgfkCb3cmQLpNPOroA==",
        "dependencies": {}
      },
      "ms@2.1.2": {
        "integrity": "sha512-sGkPx+VjMtmA6MX27oA4FBFELFCZZ4S4XqeGOXCv68tT+jb3vk/RyaKWP0PTKyWtmLSM0b+adUTEvbs1PEaH2w==",
        "dependencies": {}
      },
      "node-fetch@2.6.9": {
        "integrity": "sha512-DJm/CJkZkRjKKj4Zi4BsKVZh3ValV5IR5s7LVZnW+6YMh0W1BfNA8XSs6DLMGYlId5F3KnA70uu2qepcR08Qqg==",
        "dependencies": {
          "whatwg-url": "whatwg-url@5.0.0"
        }
      },
      "p-timeout@4.1.0": {
        "integrity": "sha512-+/wmHtzJuWii1sXn3HCuH/FTwGhrp4tmJTxSKJbfS+vkipci6osxXM5mY0jUiRzWKMTgUT8l7HFbeSwZAynqHw==",
        "dependencies": {}
      },
      "safe-compare@1.1.4": {
        "integrity": "sha512-b9wZ986HHCo/HbKrRpBJb2kqXMK9CEWIE1egeEvZsYn69ay3kdfl9nG3RyOcR+jInTDf7a86WQ1d4VJX7goSSQ==",
        "dependencies": {
          "buffer-alloc": "buffer-alloc@1.2.0"
        }
      },
      "sandwich-stream@2.0.2": {
        "integrity": "sha512-jLYV0DORrzY3xaz/S9ydJL6Iz7essZeAfnAavsJ+zsJGZ1MOnsS52yRjU3uF3pJa/lla7+wisp//fxOwOH8SKQ==",
        "dependencies": {}
      },
      "telegraf@4.12.1": {
        "integrity": "sha512-c+NJ776tsNsdJnDJs7zyLA1vTZl90UaVuvTdoJJE9HJ6CnPxCfmpTzqGAaDvZhPI2vD/B4+fBVD/raU+JL8OdQ==",
        "dependencies": {
          "abort-controller": "abort-controller@3.0.0",
          "debug": "debug@4.3.4",
          "mri": "mri@1.2.0",
          "node-fetch": "node-fetch@2.6.9",
          "p-timeout": "p-timeout@4.1.0",
          "safe-compare": "safe-compare@1.1.4",
          "sandwich-stream": "sandwich-stream@2.0.2",
          "typegram": "typegram@4.3.0"
        }
      },
      "tr46@0.0.3": {
        "integrity": "sha512-N3WMsuqV66lT30CrXNbEjx4GEwlow3v6rr4mCcv6prnfwhS01rkgyFdjPNBYd9br7LpXV1+Emh01fHnq2Gdgrw==",
        "dependencies": {}
      },
      "typegram@4.3.0": {
        "integrity": "sha512-pS4STyOZoJ++Mwa9GPMTNjOwEzMkxFfFt1By6IbMOJfheP0utMP/H1ga6J9R4DTjAYBr0UDn4eQg++LpWBvcAg==",
        "dependencies": {}
      },
      "webidl-conversions@3.0.1": {
        "integrity": "sha512-2JAn3z8AR6rjK8Sm8orRC0h/bcl/DqL7tRPdGZ4I1CjdF+EaMLmYxBHyXuKL849eucPFhvBoxMsflfOb8kxaeQ==",
        "dependencies": {}
      },
      "whatwg-url@5.0.0": {
        "integrity": "sha512-saE57nupxk6v3HY35+jzBwYa0rKSy0XR8JSxZPwgLr7ys0IBzhGviA1/TUGJLmSVqs8pb9AnvICXEuOHLprYTw==",
        "dependencies": {
          "tr46": "tr46@0.0.3",
          "webidl-conversions": "webidl-conversions@3.0.1"
        }
      }
    }
  }
}
